// !$*UTF8*$!
{
	archiveVersion = 1;
	classes = {
	};
	objectVersion = 55;
	objects = {

/* Begin PBXBuildFile section */
		B7296B8028073E1E00C60D7A /* ViewController.swift in Sources */ = {isa = PBXBuildFile; fileRef = B7B5A00A28073B0800EE6D6A /* ViewController.swift */; };
		B73471BB286D1A520013FA25 /* README.md in Resources */ = {isa = PBXBuildFile; fileRef = B73471BA286D1A520013FA25 /* README.md */; };
		B7B5A00728073B0800EE6D6A /* AppDelegate.swift in Sources */ = {isa = PBXBuildFile; fileRef = B7B5A00628073B0800EE6D6A /* AppDelegate.swift */; };
		B7B5A00928073B0800EE6D6A /* SceneDelegate.swift in Sources */ = {isa = PBXBuildFile; fileRef = B7B5A00828073B0800EE6D6A /* SceneDelegate.swift */; };
		B7B5A00E28073B0800EE6D6A /* Main.storyboard in Resources */ = {isa = PBXBuildFile; fileRef = B7B5A00C28073B0800EE6D6A /* Main.storyboard */; };
		B7B5A01028073B0B00EE6D6A /* Assets.xcassets in Resources */ = {isa = PBXBuildFile; fileRef = B7B5A00F28073B0B00EE6D6A /* Assets.xcassets */; };
		B7B5A01328073B0B00EE6D6A /* LaunchScreen.storyboard in Resources */ = {isa = PBXBuildFile; fileRef = B7B5A01128073B0B00EE6D6A /* LaunchScreen.storyboard */; };
/* End PBXBuildFile section */

/* Begin PBXContainerItemProxy section */
		B7B5A01A28073B0C00EE6D6A /* PBXContainerItemProxy */ = {
			isa = PBXContainerItemProxy;
			containerPortal = B7B59FFB28073B0800EE6D6A /* Project object */;
			proxyType = 1;
			remoteGlobalIDString = B7B5A00228073B0800EE6D6A;
			remoteInfo = diceRoll;
		};
		B7B5A02428073B0C00EE6D6A /* PBXContainerItemProxy */ = {
			isa = PBXContainerItemProxy;
			containerPortal = B7B59FFB28073B0800EE6D6A /* Project object */;
			proxyType = 1;
			remoteGlobalIDString = B7B5A00228073B0800EE6D6A;
			remoteInfo = diceRoll;
		};
/* End PBXContainerItemProxy section */

/* Begin PBXFileReference section */
		B73471BA286D1A520013FA25 /* README.md */ = {isa = PBXFileReference; fileEncoding = 4; lastKnownFileType = net.daringfireball.markdown; path = README.md; sourceTree = "<group>"; };
		B7B5A00328073B0800EE6D6A /* diceRoll.app */ = {isa = PBXFileReference; explicitFileType = wrapper.application; includeInIndex = 0; path = diceRoll.app; sourceTree = BUILT_PRODUCTS_DIR; };
		B7B5A00628073B0800EE6D6A /* AppDelegate.swift */ = {isa = PBXFileReference; lastKnownFileType = sourcecode.swift; path = AppDelegate.swift; sourceTree = "<group>"; };
		B7B5A00828073B0800EE6D6A /* SceneDelegate.swift */ = {isa = PBXFileReference; lastKnownFileType = sourcecode.swift; path = SceneDelegate.swift; sourceTree = "<group>"; };
		B7B5A00A28073B0800EE6D6A /* ViewController.swift */ = {isa = PBXFileReference; lastKnownFileType = sourcecode.swift; path = ViewController.swift; sourceTree = "<group>"; };
		B7B5A00D28073B0800EE6D6A /* Base */ = {isa = PBXFileReference; lastKnownFileType = file.storyboard; name = Base; path = Base.lproj/Main.storyboard; sourceTree = "<group>"; };
		B7B5A00F28073B0B00EE6D6A /* Assets.xcassets */ = {isa = PBXFileReference; lastKnownFileType = folder.assetcatalog; path = Assets.xcassets; sourceTree = "<group>"; };
		B7B5A01228073B0B00EE6D6A /* Base */ = {isa = PBXFileReference; lastKnownFileType = file.storyboard; name = Base; path = Base.lproj/LaunchScreen.storyboard; sourceTree = "<group>"; };
		B7B5A01428073B0B00EE6D6A /* Info.plist */ = {isa = PBXFileReference; lastKnownFileType = text.plist.xml; path = Info.plist; sourceTree = "<group>"; };
		B7B5A01928073B0C00EE6D6A /* diceRollTests.xctest */ = {isa = PBXFileReference; explicitFileType = wrapper.cfbundle; includeInIndex = 0; path = diceRollTests.xctest; sourceTree = BUILT_PRODUCTS_DIR; };
		B7B5A02328073B0C00EE6D6A /* diceRollUITests.xctest */ = {isa = PBXFileReference; explicitFileType = wrapper.cfbundle; includeInIndex = 0; path = diceRollUITests.xctest; sourceTree = BUILT_PRODUCTS_DIR; };
/* End PBXFileReference section */

/* Begin PBXFrameworksBuildPhase section */
		B7B5A00028073B0800EE6D6A /* Frameworks */ = {
			isa = PBXFrameworksBuildPhase;
			buildActionMask = 2147483647;
			files = (
			);
			runOnlyForDeploymentPostprocessing = 0;
		};
		B7B5A01628073B0C00EE6D6A /* Frameworks */ = {
			isa = PBXFrameworksBuildPhase;
			buildActionMask = 2147483647;
			files = (
			);
			runOnlyForDeploymentPostprocessing = 0;
		};
		B7B5A02028073B0C00EE6D6A /* Frameworks */ = {
			isa = PBXFrameworksBuildPhase;
			buildActionMask = 2147483647;
			files = (
			);
			runOnlyForDeploymentPostprocessing = 0;
		};
/* End PBXFrameworksBuildPhase section */

/* Begin PBXGroup section */
		B7B59FFA28073B0800EE6D6A = {
			isa = PBXGroup;
			children = (
				B73471BA286D1A520013FA25 /* README.md */,
				B7B5A00528073B0800EE6D6A /* diceRoll */,
				B7B5A00428073B0800EE6D6A /* Products */,
			);
			sourceTree = "<group>";
		};
		B7B5A00428073B0800EE6D6A /* Products */ = {
			isa = PBXGroup;
			children = (
				B7B5A00328073B0800EE6D6A /* diceRoll.app */,
				B7B5A01928073B0C00EE6D6A /* diceRollTests.xctest */,
				B7B5A02328073B0C00EE6D6A /* diceRollUITests.xctest */,
			);
			name = Products;
			sourceTree = "<group>";
		};
		B7B5A00528073B0800EE6D6A /* diceRoll */ = {
			isa = PBXGroup;
			children = (
				B7B5A00628073B0800EE6D6A /* AppDelegate.swift */,
				B7B5A00828073B0800EE6D6A /* SceneDelegate.swift */,
				B7B5A00A28073B0800EE6D6A /* ViewController.swift */,
				B7B5A00C28073B0800EE6D6A /* Main.storyboard */,
				B7B5A00F28073B0B00EE6D6A /* Assets.xcassets */,
				B7B5A01128073B0B00EE6D6A /* LaunchScreen.storyboard */,
				B7B5A01428073B0B00EE6D6A /* Info.plist */,
			);
			path = diceRoll;
			sourceTree = "<group>";
		};
/* End PBXGroup section */

/* Begin PBXNativeTarget section */
		B7B5A00228073B0800EE6D6A /* diceRoll */ = {
			isa = PBXNativeTarget;
			buildConfigurationList = B7B5A02D28073B0C00EE6D6A /* Build configuration list for PBXNativeTarget "diceRoll" */;
			buildPhases = (
				B7B59FFF28073B0800EE6D6A /* Sources */,
				B7B5A00028073B0800EE6D6A /* Frameworks */,
				B7B5A00128073B0800EE6D6A /* Resources */,
			);
			buildRules = (
			);
			dependencies = (
			);
			name = diceRoll;
			productName = diceRoll;
			productReference = B7B5A00328073B0800EE6D6A /* diceRoll.app */;
			productType = "com.apple.product-type.application";
		};
		B7B5A01828073B0C00EE6D6A /* diceRollTests */ = {
			isa = PBXNativeTarget;
			buildConfigurationList = B7B5A03028073B0C00EE6D6A /* Build configuration list for PBXNativeTarget "diceRollTests" */;
			buildPhases = (
				B7B5A01528073B0C00EE6D6A /* Sources */,
				B7B5A01628073B0C00EE6D6A /* Frameworks */,
				B7B5A01728073B0C00EE6D6A /* Resources */,
			);
			buildRules = (
			);
			dependencies = (
				B7B5A01B28073B0C00EE6D6A /* PBXTargetDependency */,
			);
			name = diceRollTests;
			productName = diceRollTests;
			productReference = B7B5A01928073B0C00EE6D6A /* diceRollTests.xctest */;
			productType = "com.apple.product-type.bundle.unit-test";
		};
		B7B5A02228073B0C00EE6D6A /* diceRollUITests */ = {
			isa = PBXNativeTarget;
			buildConfigurationList = B7B5A03328073B0C00EE6D6A /* Build configuration list for PBXNativeTarget "diceRollUITests" */;
			buildPhases = (
				B7B5A01F28073B0C00EE6D6A /* Sources */,
				B7B5A02028073B0C00EE6D6A /* Frameworks */,
				B7B5A02128073B0C00EE6D6A /* Resources */,
			);
			buildRules = (
			);
			dependencies = (
				B7B5A02528073B0C00EE6D6A /* PBXTargetDependency */,
			);
			name = diceRollUITests;
			productName = diceRollUITests;
			productReference = B7B5A02328073B0C00EE6D6A /* diceRollUITests.xctest */;
			productType = "com.apple.product-type.bundle.ui-testing";
		};
/* End PBXNativeTarget section */

/* Begin PBXProject section */
		B7B59FFB28073B0800EE6D6A /* Project object */ = {
			isa = PBXProject;
			attributes = {
				BuildIndependentTargetsInParallel = 1;
				LastSwiftUpdateCheck = 1330;
				LastUpgradeCheck = 1330;
				TargetAttributes = {
					B7B5A00228073B0800EE6D6A = {
						CreatedOnToolsVersion = 13.3.1;
					};
					B7B5A01828073B0C00EE6D6A = {
						CreatedOnToolsVersion = 13.3.1;
						TestTargetID = B7B5A00228073B0800EE6D6A;
					};
					B7B5A02228073B0C00EE6D6A = {
						CreatedOnToolsVersion = 13.3.1;
						TestTargetID = B7B5A00228073B0800EE6D6A;
					};
				};
			};
			buildConfigurationList = B7B59FFE28073B0800EE6D6A /* Build configuration list for PBXProject "diceRoll" */;
			compatibilityVersion = "Xcode 13.0";
			developmentRegion = en;
			hasScannedForEncodings = 0;
			knownRegions = (
				en,
				Base,
			);
			mainGroup = B7B59FFA28073B0800EE6D6A;
			productRefGroup = B7B5A00428073B0800EE6D6A /* Products */;
			projectDirPath = "";
			projectRoot = "";
			targets = (
				B7B5A00228073B0800EE6D6A /* diceRoll */,
				B7B5A01828073B0C00EE6D6A /* diceRollTests */,
				B7B5A02228073B0C00EE6D6A /* diceRollUITests */,
			);
		};
/* End PBXProject section */

/* Begin PBXResourcesBuildPhase section */
		B7B5A00128073B0800EE6D6A /* Resources */ = {
			isa = PBXResourcesBuildPhase;
			buildActionMask = 2147483647;
			files = (
				B7B5A01328073B0B00EE6D6A /* LaunchScreen.storyboard in Resources */,
				B7B5A01028073B0B00EE6D6A /* Assets.xcassets in Resources */,
				B73471BB286D1A520013FA25 /* README.md in Resources */,
				B7B5A00E28073B0800EE6D6A /* Main.storyboard in Resources */,
			);
			runOnlyForDeploymentPostprocessing = 0;
		};
		B7B5A01728073B0C00EE6D6A /* Resources */ = {
			isa = PBXResourcesBuildPhase;
			buildActionMask = 2147483647;
			files = (
			);
			runOnlyForDeploymentPostprocessing = 0;
		};
		B7B5A02128073B0C00EE6D6A /* Resources */ = {
			isa = PBXResourcesBuildPhase;
			buildActionMask = 2147483647;
			files = (
			);
			runOnlyForDeploymentPostprocessing = 0;
		};
/* End PBXResourcesBuildPhase section */

/* Begin PBXSourcesBuildPhase section */
		B7B59FFF28073B0800EE6D6A /* Sources */ = {
			isa = PBXSourcesBuildPhase;
			buildActionMask = 2147483647;
			files = (
				B7296B8028073E1E00C60D7A /* ViewController.swift in Sources */,
				B7B5A00728073B0800EE6D6A /* AppDelegate.swift in Sources */,
				B7B5A00928073B0800EE6D6A /* SceneDelegate.swift in Sources */,
			);
			runOnlyForDeploymentPostprocessing = 0;
		};
		B7B5A01528073B0C00EE6D6A /* Sources */ = {
			isa = PBXSourcesBuildPhase;
			buildActionMask = 2147483647;
			files = (
			);
			runOnlyForDeploymentPostprocessing = 0;
		};
		B7B5A01F28073B0C00EE6D6A /* Sources */ = {
			isa = PBXSourcesBuildPhase;
			buildActionMask = 2147483647;
			files = (
			);
			runOnlyForDeploymentPostprocessing = 0;
		};
/* End PBXSourcesBuildPhase section */

/* Begin PBXTargetDependency section */
		B7B5A01B28073B0C00EE6D6A /* PBXTargetDependency */ = {
			isa = PBXTargetDependency;
			target = B7B5A00228073B0800EE6D6A /* diceRoll */;
			targetProxy = B7B5A01A28073B0C00EE6D6A /* PBXContainerItemProxy */;
		};
		B7B5A02528073B0C00EE6D6A /* PBXTargetDependency */ = {
			isa = PBXTargetDependency;
			target = B7B5A00228073B0800EE6D6A /* diceRoll */;
			targetProxy = B7B5A02428073B0C00EE6D6A /* PBXContainerItemProxy */;
		};
/* End PBXTargetDependency section */

/* Begin PBXVariantGroup section */
		B7B5A00C28073B0800EE6D6A /* Main.storyboard */ = {
			isa = PBXVariantGroup;
			children = (
				B7B5A00D28073B0800EE6D6A /* Base */,
			);
			name = Main.storyboard;
			sourceTree = "<group>";
		};
		B7B5A01128073B0B00EE6D6A /* LaunchScreen.storyboard */ = {
			isa = PBXVariantGroup;
			children = (
				B7B5A01228073B0B00EE6D6A /* Base */,
			);
			name = LaunchScreen.storyboard;
			sourceTree = "<group>";
		};
/* End PBXVariantGroup section */

/* Begin XCBuildConfiguration section */
		B7B5A02B28073B0C00EE6D6A /* Debug */ = {
			isa = XCBuildConfiguration;
			buildSettings = {
				ALWAYS_SEARCH_USER_PATHS = NO;
				CLANG_ANALYZER_NONNULL = YES;
				CLANG_ANALYZER_NUMBER_OBJECT_CONVERSION = YES_AGGRESSIVE;
				CLANG_CXX_LANGUAGE_STANDARD = "gnu++17";
				CLANG_ENABLE_MODULES = YES;
				CLANG_ENABLE_OBJC_ARC = YES;
				CLANG_ENABLE_OBJC_WEAK = YES;
				CLANG_WARN_BLOCK_CAPTURE_AUTORELEASING = YES;
				CLANG_WARN_BOOL_CONVERSION = YES;
				CLANG_WARN_COMMA = YES;
				CLANG_WARN_CONSTANT_CONVERSION = YES;
				CLANG_WARN_DEPRECATED_OBJC_IMPLEMENTATIONS = YES;
				CLANG_WARN_DIRECT_OBJC_ISA_USAGE = YES_ERROR;
				CLANG_WARN_DOCUMENTATION_COMMENTS = YES;
				CLANG_WARN_EMPTY_BODY = YES;
				CLANG_WARN_ENUM_CONVERSION = YES;
				CLANG_WARN_INFINITE_RECURSION = YES;
				CLANG_WARN_INT_CONVERSION = YES;
				CLANG_WARN_NON_LITERAL_NULL_CONVERSION = YES;
				CLANG_WARN_OBJC_IMPLICIT_RETAIN_SELF = YES;
				CLANG_WARN_OBJC_LITERAL_CONVERSION = YES;
				CLANG_WARN_OBJC_ROOT_CLASS = YES_ERROR;
				CLANG_WARN_QUOTED_INCLUDE_IN_FRAMEWORK_HEADER = YES;
				CLANG_WARN_RANGE_LOOP_ANALYSIS = YES;
				CLANG_WARN_STRICT_PROTOTYPES = YES;
				CLANG_WARN_SUSPICIOUS_MOVE = YES;
				CLANG_WARN_UNGUARDED_AVAILABILITY = YES_AGGRESSIVE;
				CLANG_WARN_UNREACHABLE_CODE = YES;
				CLANG_WARN__DUPLICATE_METHOD_MATCH = YES;
				COPY_PHASE_STRIP = NO;
				DEBUG_INFORMATION_FORMAT = dwarf;
				ENABLE_STRICT_OBJC_MSGSEND = YES;
				ENABLE_TESTABILITY = YES;
				GCC_C_LANGUAGE_STANDARD = gnu11;
				GCC_DYNAMIC_NO_PIC = NO;
				GCC_NO_COMMON_BLOCKS = YES;
				GCC_OPTIMIZATION_LEVEL = 0;
				GCC_PREPROCESSOR_DEFINITIONS = (
					"DEBUG=1",
					"$(inherited)",
				);
				GCC_WARN_64_TO_32_BIT_CONVERSION = YES;
				GCC_WARN_ABOUT_RETURN_TYPE = YES_ERROR;
				GCC_WARN_UNDECLARED_SELECTOR = YES;
				GCC_WARN_UNINITIALIZED_AUTOS = YES_AGGRESSIVE;
				GCC_WARN_UNUSED_FUNCTION = YES;
				GCC_WARN_UNUSED_VARIABLE = YES;
				IPHONEOS_DEPLOYMENT_TARGET = 15.4;
				MTL_ENABLE_DEBUG_INFO = INCLUDE_SOURCE;
				MTL_FAST_MATH = YES;
				ONLY_ACTIVE_ARCH = YES;
				SDKROOT = iphoneos;
				SWIFT_ACTIVE_COMPILATION_CONDITIONS = DEBUG;
				SWIFT_OPTIMIZATION_LEVEL = "-Onone";
			};
			name = Debug;
		};
		B7B5A02C28073B0C00EE6D6A /* Release */ = {
			isa = XCBuildConfiguration;
			buildSettings = {
				ALWAYS_SEARCH_USER_PATHS = NO;
				CLANG_ANALYZER_NONNULL = YES;
				CLANG_ANALYZER_NUMBER_OBJECT_CONVERSION = YES_AGGRESSIVE;
				CLANG_CXX_LANGUAGE_STANDARD = "gnu++17";
				CLANG_ENABLE_MODULES = YES;
				CLANG_ENABLE_OBJC_ARC = YES;
				CLANG_ENABLE_OBJC_WEAK = YES;
				CLANG_WARN_BLOCK_CAPTURE_AUTORELEASING = YES;
				CLANG_WARN_BOOL_CONVERSION = YES;
				CLANG_WARN_COMMA = YES;
				CLANG_WARN_CONSTANT_CONVERSION = YES;
				CLANG_WARN_DEPRECATED_OBJC_IMPLEMENTATIONS = YES;
				CLANG_WARN_DIRECT_OBJC_ISA_USAGE = YES_ERROR;
				CLANG_WARN_DOCUMENTATION_COMMENTS = YES;
				CLANG_WARN_EMPTY_BODY = YES;
				CLANG_WARN_ENUM_CONVERSION = YES;
				CLANG_WARN_INFINITE_RECURSION = YES;
				CLANG_WARN_INT_CONVERSION = YES;
				CLANG_WARN_NON_LITERAL_NULL_CONVERSION = YES;
				CLANG_WARN_OBJC_IMPLICIT_RETAIN_SELF = YES;
				CLANG_WARN_OBJC_LITERAL_CONVERSION = YES;
				CLANG_WARN_OBJC_ROOT_CLASS = YES_ERROR;
				CLANG_WARN_QUOTED_INCLUDE_IN_FRAMEWORK_HEADER = YES;
				CLANG_WARN_RANGE_LOOP_ANALYSIS = YES;
				CLANG_WARN_STRICT_PROTOTYPES = YES;
				CLANG_WARN_SUSPICIOUS_MOVE = YES;
				CLANG_WARN_UNGUARDED_AVAILABILITY = YES_AGGRESSIVE;
				CLANG_WARN_UNREACHABLE_CODE = YES;
				CLANG_WARN__DUPLICATE_METHOD_MATCH = YES;
				COPY_PHASE_STRIP = NO;
				DEBUG_INFORMATION_FORMAT = "dwarf-with-dsym";
				ENABLE_NS_ASSERTIONS = NO;
				ENABLE_STRICT_OBJC_MSGSEND = YES;
				GCC_C_LANGUAGE_STANDARD = gnu11;
				GCC_NO_COMMON_BLOCKS = YES;
				GCC_WARN_64_TO_32_BIT_CONVERSION = YES;
				GCC_WARN_ABOUT_RETURN_TYPE = YES_ERROR;
				GCC_WARN_UNDECLARED_SELECTOR = YES;
				GCC_WARN_UNINITIALIZED_AUTOS = YES_AGGRESSIVE;
				GCC_WARN_UNUSED_FUNCTION = YES;
				GCC_WARN_UNUSED_VARIABLE = YES;
				IPHONEOS_DEPLOYMENT_TARGET = 15.4;
				MTL_ENABLE_DEBUG_INFO = NO;
				MTL_FAST_MATH = YES;
				SDKROOT = iphoneos;
				SWIFT_COMPILATION_MODE = wholemodule;
				SWIFT_OPTIMIZATION_LEVEL = "-O";
				VALIDATE_PRODUCT = YES;
			};
			name = Release;
		};
		B7B5A02E28073B0C00EE6D6A /* Debug */ = {
			isa = XCBuildConfiguration;
			buildSettings = {
				ASSETCATALOG_COMPILER_APPICON_NAME = AppIcon;
				ASSETCATALOG_COMPILER_GLOBAL_ACCENT_COLOR_NAME = AccentColor;
				CODE_SIGN_STYLE = Automatic;
				CURRENT_PROJECT_VERSION = 1;
				GENERATE_INFOPLIST_FILE = YES;
				INFOPLIST_FILE = diceRoll/Info.plist;
				INFOPLIST_KEY_CFBundleDisplayName = "Dice Roll";
				INFOPLIST_KEY_UIApplicationSupportsIndirectInputEvents = YES;
				INFOPLIST_KEY_UILaunchStoryboardName = LaunchScreen;
				INFOPLIST_KEY_UIMainStoryboardFile = Main;
				INFOPLIST_KEY_UISupportedInterfaceOrientations = "UIInterfaceOrientationPortrait UIInterfaceOrientationLandscapeLeft UIInterfaceOrientationLandscapeRight";
				INFOPLIST_KEY_UISupportedInterfaceOrientations_iPad = "UIInterfaceOrientationPortrait UIInterfaceOrientationPortraitUpsideDown UIInterfaceOrientationLandscapeLeft UIInterfaceOrientationLandscapeRight";
				INFOPLIST_KEY_UISupportedInterfaceOrientations_iPhone = "UIInterfaceOrientationPortrait UIInterfaceOrientationLandscapeLeft UIInterfaceOrientationLandscapeRight";
				LD_RUNPATH_SEARCH_PATHS = (
					"$(inherited)",
					"@executable_path/Frameworks",
				);
				MARKETING_VERSION = 1.0;
				PRODUCT_BUNDLE_IDENTIFIER = com.sebas.diceRoll;
				PRODUCT_NAME = "$(TARGET_NAME)";
				SWIFT_EMIT_LOC_STRINGS = YES;
				SWIFT_VERSION = 5.0;
				TARGETED_DEVICE_FAMILY = "1,2";
			};
			name = Debug;
		};
		B7B5A02F28073B0C00EE6D6A /* Release */ = {
			isa = XCBuildConfiguration;
			buildSettings = {
				ASSETCATALOG_COMPILER_APPICON_NAME = AppIcon;
				ASSETCATALOG_COMPILER_GLOBAL_ACCENT_COLOR_NAME = AccentColor;
				CODE_SIGN_STYLE = Automatic;
				CURRENT_PROJECT_VERSION = 1;
				GENERATE_INFOPLIST_FILE = YES;
				INFOPLIST_FILE = diceRoll/Info.plist;
				INFOPLIST_KEY_CFBundleDisplayName = "Dice Roll";
				INFOPLIST_KEY_UIApplicationSupportsIndirectInputEvents = YES;
				INFOPLIST_KEY_UILaunchStoryboardName = LaunchScreen;
				INFOPLIST_KEY_UIMainStoryboardFile = Main;
				INFOPLIST_KEY_UISupportedInterfaceOrientations = "UIInterfaceOrientationPortrait UIInterfaceOrientationLandscapeLeft UIInterfaceOrientationLandscapeRight";
				INFOPLIST_KEY_UISupportedInterfaceOrientations_iPad = "UIInterfaceOrientationPortrait UIInterfaceOrientationPortraitUpsideDown UIInterfaceOrientationLandscapeLeft UIInterfaceOrientationLandscapeRight";
				INFOPLIST_KEY_UISupportedInterfaceOrientations_iPhone = "UIInterfaceOrientationPortrait UIInterfaceOrientationLandscapeLeft UIInterfaceOrientationLandscapeRight";
				LD_RUNPATH_SEARCH_PATHS = (
					"$(inherited)",
					"@executable_path/Frameworks",
				);
				MARKETING_VERSION = 1.0;
				PRODUCT_BUNDLE_IDENTIFIER = com.sebas.diceRoll;
				PRODUCT_NAME = "$(TARGET_NAME)";
				SWIFT_EMIT_LOC_STRINGS = YES;
				SWIFT_VERSION = 5.0;
				TARGETED_DEVICE_FAMILY = "1,2";
			};
			name = Release;
		};
		B7B5A03128073B0C00EE6D6A /* Debug */ = {
			isa = XCBuildConfiguration;
			buildSettings = {
				ALWAYS_EMBED_SWIFT_STANDARD_LIBRARIES = YES;
				BUNDLE_LOADER = "$(TEST_HOST)";
				CODE_SIGN_STYLE = Automatic;
				CURRENT_PROJECT_VERSION = 1;
				GENERATE_INFOPLIST_FILE = YES;
				IPHONEOS_DEPLOYMENT_TARGET = 15.4;
				MARKETING_VERSION = 1.0;
				PRODUCT_BUNDLE_IDENTIFIER = com.sebas.diceRollTests;
				PRODUCT_NAME = "$(TARGET_NAME)";
				SWIFT_EMIT_LOC_STRINGS = NO;
				SWIFT_VERSION = 5.0;
				TARGETED_DEVICE_FAMILY = "1,2";
				TEST_HOST = "$(BUILT_PRODUCTS_DIR)/diceRoll.app/diceRoll";
			};
			name = Debug;
		};
		B7B5A03228073B0C00EE6D6A /* Release */ = {
			isa = XCBuildConfiguration;
			buildSettings = {
				ALWAYS_EMBED_SWIFT_STANDARD_LIBRARIES = YES;
				BUNDLE_LOADER = "$(TEST_HOST)";
				CODE_SIGN_STYLE = Automatic;
				CURRENT_PROJECT_VERSION = 1;
				GENERATE_INFOPLIST_FILE = YES;
				IPHONEOS_DEPLOYMENT_TARGET = 15.4;
				MARKETING_VERSION = 1.0;
				PRODUCT_BUNDLE_IDENTIFIER = com.sebas.diceRollTests;
				PRODUCT_NAME = "$(TARGET_NAME)";
				SWIFT_EMIT_LOC_STRINGS = NO;
				SWIFT_VERSION = 5.0;
				TARGETED_DEVICE_FAMILY = "1,2";
				TEST_HOST = "$(BUILT_PRODUCTS_DIR)/diceRoll.app/diceRoll";
			};
			name = Release;
		};
		B7B5A03428073B0C00EE6D6A /* Debug */ = {
			isa = XCBuildConfiguration;
			buildSettings = {
				ALWAYS_EMBED_SWIFT_STANDARD_LIBRARIES = YES;
				CODE_SIGN_STYLE = Automatic;
				CURRENT_PROJECT_VERSION = 1;
				GENERATE_INFOPLIST_FILE = YES;
				MARKETING_VERSION = 1.0;
				PRODUCT_BUNDLE_IDENTIFIER = com.sebas.diceRollUITests;
				PRODUCT_NAME = "$(TARGET_NAME)";
				SWIFT_EMIT_LOC_STRINGS = NO;
				SWIFT_VERSION = 5.0;
				TARGETED_DEVICE_FAMILY = "1,2";
				TEST_TARGET_NAME = diceRoll;
			};
			name = Debug;
		};
		B7B5A03528073B0C00EE6D6A /* Release */ = {
			isa = XCBuildConfiguration;
			buildSettings = {
				ALWAYS_EMBED_SWIFT_STANDARD_LIBRARIES = YES;
				CODE_SIGN_STYLE = Automatic;
				CURRENT_PROJECT_VERSION = 1;
				GENERATE_INFOPLIST_FILE = YES;
				MARKETING_VERSION = 1.0;
				PRODUCT_BUNDLE_IDENTIFIER = com.sebas.diceRollUITests;
				PRODUCT_NAME = "$(TARGET_NAME)";
				SWIFT_EMIT_LOC_STRINGS = NO;
				SWIFT_VERSION = 5.0;
				TARGETED_DEVICE_FAMILY = "1,2";
				TEST_TARGET_NAME = diceRoll;
			};
			name = Release;
		};
/* End XCBuildConfiguration section */

/* Begin XCConfigurationList section */
		B7B59FFE28073B0800EE6D6A /* Build configuration list for PBXProject "diceRoll" */ = {
			isa = XCConfigurationList;
			buildConfigurations = (
				B7B5A02B28073B0C00EE6D6A /* Debug */,
				B7B5A02C28073B0C00EE6D6A /* Release */,
			);
			defaultConfigurationIsVisible = 0;
			defaultConfigurationName = Release;
		};
		B7B5A02D28073B0C00EE6D6A /* Build configuration list for PBXNativeTarget "diceRoll" */ = {
			isa = XCConfigurationList;
			buildConfigurations = (
				B7B5A02E28073B0C00EE6D6A /* Debug */,
				B7B5A02F28073B0C00EE6D6A /* Release */,
			);
			defaultConfigurationIsVisible = 0;
			defaultConfigurationName = Release;
		};
		B7B5A03028073B0C00EE6D6A /* Build configuration list for PBXNativeTarget "diceRollTests" */ = {
			isa = XCConfigurationList;
			buildConfigurations = (
				B7B5A03128073B0C00EE6D6A /* Debug */,
				B7B5A03228073B0C00EE6D6A /* Release */,
			);
			defaultConfigurationIsVisible = 0;
			defaultConfigurationName = Release;
		};
		B7B5A03328073B0C00EE6D6A /* Build configuration list for PBXNativeTarget "diceRollUITests" */ = {
			isa = XCConfigurationList;
			buildConfigurations = (
				B7B5A03428073B0C00EE6D6A /* Debug */,
				B7B5A03528073B0C00EE6D6A /* Release */,
			);
			defaultConfigurationIsVisible = 0;
			defaultConfigurationName = Release;
		};
/* End XCConfigurationList section */
	};
	rootObject = B7B59FFB28073B0800EE6D6A /* Project object */;
}
